{
  "name": "okcert-popup",
  "version": "0.0.7",
  "lockfileVersion": 2,
  "requires": true,
  "packages": {
    "": {
      "name": "okcert-popup",
      "version": "0.0.7",
      "dependencies": {
        "java-bridge": "^2.2.3-beta.3"
      },
      "devDependencies": {
        "@types/node": "^18.15.2",
        "typescript": "^4.9.5"
      }
    },
    "node_modules/@types/node": {
      "version": "18.19.75",
      "resolved": "https://registry.npmjs.org/@types/node/-/node-18.19.75.tgz",
      "integrity": "sha512-UIksWtThob6ZVSyxcOqCLOUNg/dyO1Qvx4McgeuhrEtHTLFTf7BBhEazaE4K806FGTPtzd/2sE90qn4fVr7cyw==",
      "dev": true,
      "license": "MIT",
      "dependencies": {
        "undici-types": "~5.26.4"
      }
    },
    "node_modules/java-bridge": {
      "version": "2.7.0",
      "resolved": "https://registry.npmjs.org/java-bridge/-/java-bridge-2.7.0.tgz",
      "integrity": "sha512-LB0b3g1WrJal6D7UOf/LKELzcBZhdeaR9rKFUCtnUu6Ys3SX/YuF1vBDknpTZpZqa3Dmvd2wd0MHYwOOSa80XQ==",
      "license": "MIT",
      "engines": {
        "node": ">= 15"
      },
      "optionalDependencies": {
        "java-bridge-darwin-arm64": "2.7.0",
        "java-bridge-darwin-x64": "2.7.0",
        "java-bridge-linux-arm64-gnu": "2.7.0",
        "java-bridge-linux-x64-gnu": "2.7.0",
        "java-bridge-linux-x64-musl": "2.7.0",
        "java-bridge-win32-ia32-msvc": "2.7.0",
        "java-bridge-win32-x64-msvc": "2.7.0"
      }
    },
    "node_modules/java-bridge-darwin-arm64": {
      "version": "2.7.0",
      "resolved": "https://registry.npmjs.org/java-bridge-darwin-arm64/-/java-bridge-darwin-arm64-2.7.0.tgz",
      "integrity": "sha512-tJm7Eh0AYmBXzrH2aPLxqRY1tPPJNfwbuBAeFT/wTg75tEOrCvR+hBP3tZiVBwSH5rwDUaC8NdGDqhs/P+MQ6A==",
      "cpu": [
        "arm64"
      ],
      "license": "MIT",
      "optional": true,
      "os": [
        "darwin"
      ],
      "engines": {
        "node": ">= 10"
      }
    },
    "node_modules/java-bridge-darwin-x64": {
      "version": "2.7.0",
      "resolved": "https://registry.npmjs.org/java-bridge-darwin-x64/-/java-bridge-darwin-x64-2.7.0.tgz",
      "integrity": "sha512-U01kLl4QzXK3NAsCBTohy9ACE8bAcTBTfjqay3Z1PkTmTlH+zOxF4u5s0z62jb/W3ewhivW1YYQdF0JQ0PPaeQ==",
      "cpu": [
        "x64"
      ],
      "license": "MIT",
      "optional": true,
      "os": [
        "darwin"
      ],
      "engines": {
        "node": ">= 10"
      }
    },
    "node_modules/java-bridge-linux-arm64-gnu": {
      "version": "2.7.0",
      "resolved": "https://registry.npmjs.org/java-bridge-linux-arm64-gnu/-/java-bridge-linux-arm64-gnu-2.7.0.tgz",
      "integrity": "sha512-9XBQAZvvdsroqkqUXxgkN+t6WlQ4MP9Z9t3GNSmEw4JOSSBWQec8xmeVA+VZ4nUc2gF6cw7qpmvXcOFk8qDcUQ==",
      "cpu": [
        "arm64"
      ],
      "license": "MIT",
      "optional": true,
      "os": [
        "linux"
      ],
      "engines": {
        "node": ">= 10"
      }
    },
    "node_modules/java-bridge-linux-x64-gnu": {
      "version": "2.7.0",
      "resolved": "https://registry.npmjs.org/java-bridge-linux-x64-gnu/-/java-bridge-linux-x64-gnu-2.7.0.tgz",
      "integrity": "sha512-KYmb2iYfTl+DCqqOgpJhiQzMUlgwGVKexaWLTtA7WcX36dOt7GIz9+jNx1u3rdYxemCW/QYJelwWptD32FGVjg==",
      "cpu": [
        "x64"
      ],
      "license": "MIT",
      "optional": true,
      "os": [
        "linux"
      ],
      "engines": {
        "node": ">= 10"
      }
    },
    "node_modules/java-bridge-linux-x64-musl": {
      "version": "2.7.0",
      "resolved": "https://registry.npmjs.org/java-bridge-linux-x64-musl/-/java-bridge-linux-x64-musl-2.7.0.tgz",
      "integrity": "sha512-1GSw8vhhKfuQe7uwXfgEk45RoH3nN1zLLAf1J9C+Hdw2oN+ARNT4Pc4UYtQRipIockqD8i3mQYJCWmI+6Ereuw==",
      "cpu": [
        "x64"
      ],
      "license": "MIT",
      "optional": true,
      "os": [
        "linux"
      ],
      "engines": {
        "node": ">= 15"
      }
    },
    "node_modules/java-bridge-win32-ia32-msvc": {
      "version": "2.7.0",
      "resolved": "https://registry.npmjs.org/java-bridge-win32-ia32-msvc/-/java-bridge-win32-ia32-msvc-2.7.0.tgz",
      "integrity": "sha512-zFziR7JOEm7y9Vn48pwnKgrdGM9LDBj2rix+c6IoGBwO2JSj0YyFFHRaC/n4UO5VNGZyP7ZMMxp7yYa5bJa/sw==",
      "cpu": [
        "ia32"
      ],
      "license": "MIT",
      "optional": true,
      "os": [
        "win32"
      ],
      "engines": {
        "node": ">= 10"
      }
    },
    "node_modules/java-bridge-win32-x64-msvc": {
      "version": "2.7.0",
      "resolved": "https://registry.npmjs.org/java-bridge-win32-x64-msvc/-/java-bridge-win32-x64-msvc-2.7.0.tgz",
      "integrity": "sha512-Loi7EuBoMhgEqqa7aHq5Jk99nmk8eGoqPjD+qqYhNnCJwOYBoTJ3D0xlOHIer28Ji+UvWUZTzyo6vV6aiWh1oQ==",
      "cpu": [
        "x64"
      ],
      "license": "MIT",
      "optional": true,
      "os": [
        "win32"
      ],
      "engines": {
        "node": ">= 10"
      }
    },
    "node_modules/typescript": {
      "version": "4.9.5",
      "resolved": "https://registry.npmjs.org/typescript/-/typescript-4.9.5.tgz",
      "integrity": "sha512-1FXk9E2Hm+QzZQ7z+McJiHL4NW1F2EzMu9Nq9i3zAaGqibafqYwCVU6WyWAuyQRRzOlxou8xZSyXLEN8oKj24g==",
      "dev": true,
      "license": "Apache-2.0",
      "bin": {
        "tsc": "bin/tsc",
        "tsserver": "bin/tsserver"
      },
      "engines": {
        "node": ">=4.2.0"
      }
    },
    "node_modules/undici-types": {
      "version": "5.26.5",
      "resolved": "https://registry.npmjs.org/undici-types/-/undici-types-5.26.5.tgz",
      "integrity": "sha512-JlCMO+ehdEIKqlFxk6IfVoAUVmgz7cU7zD/h9XZ0qzeosSHmUJVOzSQvvYSYWXkFXC+IfLKSIffhv0sVZup6pA==",
      "dev": true,
      "license": "MIT"
    }
  },
  "dependencies": {
    "@types/node": {
      "version": "18.19.75",
      "resolved": "https://registry.npmjs.org/@types/node/-/node-18.19.75.tgz",
      "integrity": "sha512-UIksWtThob6ZVSyxcOqCLOUNg/dyO1Qvx4McgeuhrEtHTLFTf7BBhEazaE4K806FGTPtzd/2sE90qn4fVr7cyw==",
      "dev": true,
      "requires": {
        "undici-types": "~5.26.4"
      }
    },
    "java-bridge": {
      "version": "2.7.0",
      "resolved": "https://registry.npmjs.org/java-bridge/-/java-bridge-2.7.0.tgz",
      "integrity": "sha512-LB0b3g1WrJal6D7UOf/LKELzcBZhdeaR9rKFUCtnUu6Ys3SX/YuF1vBDknpTZpZqa3Dmvd2wd0MHYwOOSa80XQ==",
      "requires": {
        "java-bridge-darwin-arm64": "2.7.0",
        "java-bridge-darwin-x64": "2.7.0",
        "java-bridge-linux-arm64-gnu": "2.7.0",
        "java-bridge-linux-x64-gnu": "2.7.0",
        "java-bridge-linux-x64-musl": "2.7.0",
        "java-bridge-win32-ia32-msvc": "2.7.0",
        "java-bridge-win32-x64-msvc": "2.7.0"
      }
    },
    "java-bridge-darwin-arm64": {
      "version": "2.7.0",
      "resolved": "https://registry.npmjs.org/java-bridge-darwin-arm64/-/java-bridge-darwin-arm64-2.7.0.tgz",
      "integrity": "sha512-tJm7Eh0AYmBXzrH2aPLxqRY1tPPJNfwbuBAeFT/wTg75tEOrCvR+hBP3tZiVBwSH5rwDUaC8NdGDqhs/P+MQ6A==",
      "optional": true
    },
    "java-bridge-darwin-x64": {
      "version": "2.7.0",
      "resolved": "https://registry.npmjs.org/java-bridge-darwin-x64/-/java-bridge-darwin-x64-2.7.0.tgz",
      "integrity": "sha512-U01kLl4QzXK3NAsCBTohy9ACE8bAcTBTfjqay3Z1PkTmTlH+zOxF4u5s0z62jb/W3ewhivW1YYQdF0JQ0PPaeQ==",
      "optional": true
    },
    "java-bridge-linux-arm64-gnu": {
      "version": "2.7.0",
      "resolved": "https://registry.npmjs.org/java-bridge-linux-arm64-gnu/-/java-bridge-linux-arm64-gnu-2.7.0.tgz",
      "integrity": "sha512-9XBQAZvvdsroqkqUXxgkN+t6WlQ4MP9Z9t3GNSmEw4JOSSBWQec8xmeVA+VZ4nUc2gF6cw7qpmvXcOFk8qDcUQ==",
      "optional": true
    },
    "java-bridge-linux-x64-gnu": {
      "version": "2.7.0",
      "resolved": "https://registry.npmjs.org/java-bridge-linux-x64-gnu/-/java-bridge-linux-x64-gnu-2.7.0.tgz",
      "integrity": "sha512-KYmb2iYfTl+DCqqOgpJhiQzMUlgwGVKexaWLTtA7WcX36dOt7GIz9+jNx1u3rdYxemCW/QYJelwWptD32FGVjg==",
      "optional": true
    },
    "java-bridge-linux-x64-musl": {
      "version": "2.7.0",
      "resolved": "https://registry.npmjs.org/java-bridge-linux-x64-musl/-/java-bridge-linux-x64-musl-2.7.0.tgz",
      "integrity": "sha512-1GSw8vhhKfuQe7uwXfgEk45RoH3nN1zLLAf1J9C+Hdw2oN+ARNT4Pc4UYtQRipIockqD8i3mQYJCWmI+6Ereuw==",
      "optional": true
    },
    "java-bridge-win32-ia32-msvc": {
      "version": "2.7.0",
      "resolved": "https://registry.npmjs.org/java-bridge-win32-ia32-msvc/-/java-bridge-win32-ia32-msvc-2.7.0.tgz",
      "integrity": "sha512-zFziR7JOEm7y9Vn48pwnKgrdGM9LDBj2rix+c6IoGBwO2JSj0YyFFHRaC/n4UO5VNGZyP7ZMMxp7yYa5bJa/sw==",
      "optional": true
    },
    "java-bridge-win32-x64-msvc": {
      "version": "2.7.0",
      "resolved": "https://registry.npmjs.org/java-bridge-win32-x64-msvc/-/java-bridge-win32-x64-msvc-2.7.0.tgz",
      "integrity": "sha512-Loi7EuBoMhgEqqa7aHq5Jk99nmk8eGoqPjD+qqYhNnCJwOYBoTJ3D0xlOHIer28Ji+UvWUZTzyo6vV6aiWh1oQ==",
      "optional": true
    },
    "typescript": {
      "version": "4.9.5",
      "resolved": "https://registry.npmjs.org/typescript/-/typescript-4.9.5.tgz",
      "integrity": "sha512-1FXk9E2Hm+QzZQ7z+McJiHL4NW1F2EzMu9Nq9i3zAaGqibafqYwCVU6WyWAuyQRRzOlxou8xZSyXLEN8oKj24g==",
      "dev": true
    },
    "undici-types": {
      "version": "5.26.5",
      "resolved": "https://registry.npmjs.org/undici-types/-/undici-types-5.26.5.tgz",
      "integrity": "sha512-JlCMO+ehdEIKqlFxk6IfVoAUVmgz7cU7zD/h9XZ0qzeosSHmUJVOzSQvvYSYWXkFXC+IfLKSIffhv0sVZup6pA==",
      "dev": true
    }
  }
}
