# THIS IS AN AUTOGENERATED FILE. DO NOT EDIT THIS FILE DIRECTLY.
# yarn lockfile v1


"@types/node@^18.15.2":
  version "18.19.75"
  resolved "https://registry.npmjs.org/@types/node/-/node-18.19.75.tgz"
  integrity sha512-UIksWtThob6ZVSyxcOqCLOUNg/dyO1Qvx4McgeuhrEtHTLFTf7BBhEazaE4K806FGTPtzd/2sE90qn4fVr7cyw==
  dependencies:
    undici-types "~5.26.4"

java-bridge-win32-x64-msvc@2.7.0:
  version "2.7.0"
  resolved "https://registry.npmjs.org/java-bridge-win32-x64-msvc/-/java-bridge-win32-x64-msvc-2.7.0.tgz"
  integrity sha512-Loi7EuBoMhgEqqa7aHq5Jk99nmk8eGoqPjD+qqYhNnCJwOYBoTJ3D0xlOHIer28Ji+UvWUZTzyo6vV6aiWh1oQ==

java-bridge@^2.2.3-beta.3:
  version "2.7.0"
  resolved "https://registry.npmjs.org/java-bridge/-/java-bridge-2.7.0.tgz"
  integrity sha512-LB0b3g1WrJal6D7UOf/LKELzcBZhdeaR9rKFUCtnUu6Ys3SX/YuF1vBDknpTZpZqa3Dmvd2wd0MHYwOOSa80XQ==
  optionalDependencies:
    java-bridge-darwin-arm64 "2.7.0"
    java-bridge-darwin-x64 "2.7.0"
    java-bridge-linux-arm64-gnu "2.7.0"
    java-bridge-linux-x64-gnu "2.7.0"
    java-bridge-linux-x64-musl "2.7.0"
    java-bridge-win32-ia32-msvc "2.7.0"
    java-bridge-win32-x64-msvc "2.7.0"

typescript@^4.9.5:
  version "4.9.5"
  resolved "https://registry.npmjs.org/typescript/-/typescript-4.9.5.tgz"
  integrity sha512-1FXk9E2Hm+QzZQ7z+McJiHL4NW1F2EzMu9Nq9i3zAaGqibafqYwCVU6WyWAuyQRRzOlxou8xZSyXLEN8oKj24g==

undici-types@~5.26.4:
  version "5.26.5"
  resolved "https://registry.npmjs.org/undici-types/-/undici-types-5.26.5.tgz"
  integrity sha512-JlCMO+ehdEIKqlFxk6IfVoAUVmgz7cU7zD/h9XZ0qzeosSHmUJVOzSQvvYSYWXkFXC+IfLKSIffhv0sVZup6pA==
